
Microsoft Visual Studio Solution File, Format Version 12.00
# Visual Studio Version 17
VisualStudioVersion = 17.8.34309.116
MinimumVisualStudioVersion = 10.0.40219.1
Project("{FAE04EC0-301F-11D3-BF4B-00C04F79EFBC}") = "MOWebAPIVicLop", "MOWebAPIVicLop\MOWebAPIVicLop.csproj", "{862D9F85-0DC3-4F25-A42E-D18954738921}"
EndProject
Global
	GlobalSection(SolutionConfigurationPlatforms) = preSolution
		Debug|Any CPU = Debug|Any CPU
		Release|Any CPU = Release|Any CPU
	EndGlobalSection
	GlobalSection(ProjectConfigurationPlatforms) = postSolution
		{862D9F85-0DC3-4F25-A42E-D18954738921}.Debug|Any CPU.ActiveCfg = Debug|Any CPU
		{862D9F85-0DC3-4F25-A42E-D18954738921}.Debug|Any CPU.Build.0 = Debug|Any CPU
		{862D9F85-0DC3-4F25-A42E-D18954738921}.Release|Any CPU.ActiveCfg = Release|Any CPU
		{862D9F85-0DC3-4F25-A42E-D18954738921}.Release|Any CPU.Build.0 = Release|Any CPU
	EndGlobalSection
	GlobalSection(SolutionProperties) = preSolution
		HideSolutionNode = FALSE
	EndGlobalSection
	GlobalSection(ExtensibilityGlobals) = postSolution
		SolutionGuid = {C10684B7-D5F8-45FA-84C6-357F13A0C44A}
	EndGlobalSection
EndGlobal
